
Microsoft Visual Studio Solution File, Format Version 12.00
# Visual Studio 14
VisualStudioVersion = 14.0.25123.0
MinimumVisualStudioVersion = 10.0.40219.1
Project("{FAE04EC0-301F-11D3-BF4B-00C04F79EFBC}") = "SeleniumEntryPoint", "SeleniumEntryPoint\SeleniumEntryPoint.csproj", "{36767B43-3EED-474C-9125-6F3DF17115B8}"
EndProject
Global
	GlobalSection(SolutionConfigurationPlatforms) = preSolution
		Debug|Any CPU = Debug|Any CPU
		Release|Any CPU = Release|Any CPU
	EndGlobalSection
	GlobalSection(ProjectConfigurationPlatforms) = postSolution
		{36767B43-3EED-474C-9125-6F3DF17115B8}.Debug|Any CPU.ActiveCfg = Debug|Any CPU
		{36767B43-3EED-474C-9125-6F3DF17115B8}.Debug|Any CPU.Build.0 = Debug|Any CPU
		{36767B43-3EED-474C-9125-6F3DF17115B8}.Release|Any CPU.ActiveCfg = Release|Any CPU
		{36767B43-3EED-474C-9125-6F3DF17115B8}.Release|Any CPU.Build.0 = Release|Any CPU
	EndGlobalSection
	GlobalSection(SolutionProperties) = preSolution
		HideSolutionNode = FALSE
	EndGlobalSection
EndGlobal
